
Microsoft Visual Studio Solution File, Format Version 12.00
Project("{FAE04EC0-301F-11D3-BF4B-00C04F79EFBC}") = "WebApplication1", "WebApplication1\WebApplication1.csproj", "{6D84F229-B989-4B14-81E7-9BB4E3324245}"
EndProject
Project("{FAE04EC0-301F-11D3-BF4B-00C04F79EFBC}") = "Client", "Client\Client.csproj", "{FA84470A-75E7-4C75-A914-97E6BF1DCB12}"
EndProject
Global
	GlobalSection(SolutionConfigurationPlatforms) = preSolution
		Debug|Any CPU = Debug|Any CPU
		Release|Any CPU = Release|Any CPU
	EndGlobalSection
	GlobalSection(ProjectConfigurationPlatforms) = postSolution
		{6D84F229-B989-4B14-81E7-9BB4E3324245}.Debug|Any CPU.ActiveCfg = Debug|Any CPU
		{6D84F229-B989-4B14-81E7-9BB4E3324245}.Debug|Any CPU.Build.0 = Debug|Any CPU
		{6D84F229-B989-4B14-81E7-9BB4E3324245}.Release|Any CPU.ActiveCfg = Release|Any CPU
		{6D84F229-B989-4B14-81E7-9BB4E3324245}.Release|Any CPU.Build.0 = Release|Any CPU
		{FA84470A-75E7-4C75-A914-97E6BF1DCB12}.Debug|Any CPU.ActiveCfg = Debug|Any CPU
		{FA84470A-75E7-4C75-A914-97E6BF1DCB12}.Debug|Any CPU.Build.0 = Debug|Any CPU
		{FA84470A-75E7-4C75-A914-97E6BF1DCB12}.Release|Any CPU.ActiveCfg = Release|Any CPU
		{FA84470A-75E7-4C75-A914-97E6BF1DCB12}.Release|Any CPU.Build.0 = Release|Any CPU
	EndGlobalSection
EndGlobal
